schema: '2.0'
stages:
  data_ingestion:
    cmd: python src/data_ingestion.py
    deps:
    - path: src/data_ingestion.py
      hash: md5
      md5: 77e7fcc989011af73cad171b5df40755
      size: 3649
    params:
      params.yaml:
        data_ingestion.test_size: 0.15
    outs:
    - path: data/raw
      hash: md5
      md5: a15ba66afdf82f8659b031b175286ed3.dir
      size: 484846
      nfiles: 2
  data_preprocessing:
    cmd: python src/data_preprocessing.py
    deps:
    - path: data/raw
      hash: md5
      md5: a15ba66afdf82f8659b031b175286ed3.dir
      size: 484846
      nfiles: 2
    - path: src/data_preprocessing.py
      hash: md5
      md5: 29e651bc6ad8b328108f6afd40cf7f30
      size: 3977
    outs:
    - path: data/interim
      hash: md5
      md5: 60a6fff4e80508df65a68e383fa2725e.dir
      size: 259164
      nfiles: 2
  feature_engineering:
    cmd: python src/feature_engineering.py
    deps:
    - path: data/interim
      hash: md5
      md5: 60a6fff4e80508df65a68e383fa2725e.dir
      size: 259164
      nfiles: 2
    - path: src/feature_engineering.py
      hash: md5
      md5: 9000c4cbafcaca3464664391d46659d2
      size: 3909
    params:
      params.yaml:
        feature_engineering.max_features: 55
    outs:
    - path: data/processed
      hash: md5
      md5: d2a04f1c92b64f4b9f44289cfed08e59.dir
      size: 1290566
      nfiles: 2
  model_building:
    cmd: python src/model_building.py
    deps:
    - path: data/processed
      hash: md5
      md5: d2a04f1c92b64f4b9f44289cfed08e59.dir
      size: 1290566
      nfiles: 2
    - path: src/model_building.py
      hash: md5
      md5: ab1c16546569b167a798bee5c17fe8b2
      size: 4483
    params:
      params.yaml:
        model_building.n_estimators: 23
        model_building.random_state: 2
    outs:
    - path: models/model.pkl
      hash: md5
      md5: 8537c36d67440203cebc244d6dd3665f
      size: 1049992
  model_evaluation:
    cmd: python src/model_evaluation.py
    deps:
    - path: models/model.pkl
      hash: md5
      md5: 8537c36d67440203cebc244d6dd3665f
      size: 1049992
    - path: src/model_evaluation.py
      hash: md5
      md5: 009eddca22a460cefae160173cc21237
      size: 4640
    outs:
    - path: reports/metrics.json
      hash: md5
      md5: 9e65325b4f4580601abaf4e28c24911a
      size: 145
